
Microsoft Visual Studio Solution File, Format Version 12.00
# Visual Studio Version 16
VisualStudioVersion = 16.0.31205.134
MinimumVisualStudioVersion = 10.0.40219.1
Project("{9A19103F-16F7-4668-BE54-9A1E7A4F7556}") = "Domain", "Models\Domain.csproj", "{A55ADAC4-3ECA-4698-8C4A-7D11BB2AAECD}"
EndProject
Project("{9A19103F-16F7-4668-BE54-9A1E7A4F7556}") = "API", "API\API.csproj", "{296B2E4D-EAF6-4726-855F-0ADB8966558E}"
EndProject
Project("{9A19103F-16F7-4668-BE54-9A1E7A4F7556}") = "DataAccessLayerDapper", "DataAccessLayerDapper\DataAccessLayerDapper.csproj", "{81B751B1-A83B-4C1A-8797-18DB90C9D514}"
EndProject
Project("{9A19103F-16F7-4668-BE54-9A1E7A4F7556}") = "Services", "Services\Services.csproj", "{3052D5DB-CD16-471D-8934-C2CBBEB86A1D}"
EndProject
Project("{9A19103F-16F7-4668-BE54-9A1E7A4F7556}") = "Common", "Common\Common.csproj", "{A2137984-5EDE-4351-A8DD-1180BDCBD337}"
EndProject
Project("{2150E333-8FDC-42A3-9474-1A3956D46DE8}") = "Tests", "Tests", "{098AF36A-F340-43B7-8C76-6DBE7E3726C7}"
EndProject
Project("{9A19103F-16F7-4668-BE54-9A1E7A4F7556}") = "PhoneTests", "PhoneTests\PhoneTests.csproj", "{EA280C2C-A076-4010-8A24-EAD7FC25CE6E}"
EndProject
Project("{FAE04EC0-301F-11D3-BF4B-00C04F79EFBC}") = "MemberTests", "MemberTests\MemberTests.csproj", "{1A03E791-6267-4B94-9711-155597DD06C7}"
EndProject
Project("{FAE04EC0-301F-11D3-BF4B-00C04F79EFBC}") = "BookTests", "BookTests\BookTests.csproj", "{C9AB1638-2D49-4C3D-9854-390F078A2554}"
EndProject
Global
	GlobalSection(SolutionConfigurationPlatforms) = preSolution
		Debug|Any CPU = Debug|Any CPU
		Release|Any CPU = Release|Any CPU
	EndGlobalSection
	GlobalSection(ProjectConfigurationPlatforms) = postSolution
		{A55ADAC4-3ECA-4698-8C4A-7D11BB2AAECD}.Debug|Any CPU.ActiveCfg = Debug|Any CPU
		{A55ADAC4-3ECA-4698-8C4A-7D11BB2AAECD}.Debug|Any CPU.Build.0 = Debug|Any CPU
		{A55ADAC4-3ECA-4698-8C4A-7D11BB2AAECD}.Release|Any CPU.ActiveCfg = Release|Any CPU
		{A55ADAC4-3ECA-4698-8C4A-7D11BB2AAECD}.Release|Any CPU.Build.0 = Release|Any CPU
		{296B2E4D-EAF6-4726-855F-0ADB8966558E}.Debug|Any CPU.ActiveCfg = Debug|Any CPU
		{296B2E4D-EAF6-4726-855F-0ADB8966558E}.Debug|Any CPU.Build.0 = Debug|Any CPU
		{296B2E4D-EAF6-4726-855F-0ADB8966558E}.Release|Any CPU.ActiveCfg = Release|Any CPU
		{296B2E4D-EAF6-4726-855F-0ADB8966558E}.Release|Any CPU.Build.0 = Release|Any CPU
		{81B751B1-A83B-4C1A-8797-18DB90C9D514}.Debug|Any CPU.ActiveCfg = Debug|Any CPU
		{81B751B1-A83B-4C1A-8797-18DB90C9D514}.Debug|Any CPU.Build.0 = Debug|Any CPU
		{81B751B1-A83B-4C1A-8797-18DB90C9D514}.Release|Any CPU.ActiveCfg = Release|Any CPU
		{81B751B1-A83B-4C1A-8797-18DB90C9D514}.Release|Any CPU.Build.0 = Release|Any CPU
		{3052D5DB-CD16-471D-8934-C2CBBEB86A1D}.Debug|Any CPU.ActiveCfg = Debug|Any CPU
		{3052D5DB-CD16-471D-8934-C2CBBEB86A1D}.Debug|Any CPU.Build.0 = Debug|Any CPU
		{3052D5DB-CD16-471D-8934-C2CBBEB86A1D}.Release|Any CPU.ActiveCfg = Release|Any CPU
		{3052D5DB-CD16-471D-8934-C2CBBEB86A1D}.Release|Any CPU.Build.0 = Release|Any CPU
		{A2137984-5EDE-4351-A8DD-1180BDCBD337}.Debug|Any CPU.ActiveCfg = Debug|Any CPU
		{A2137984-5EDE-4351-A8DD-1180BDCBD337}.Debug|Any CPU.Build.0 = Debug|Any CPU
		{A2137984-5EDE-4351-A8DD-1180BDCBD337}.Release|Any CPU.ActiveCfg = Release|Any CPU
		{A2137984-5EDE-4351-A8DD-1180BDCBD337}.Release|Any CPU.Build.0 = Release|Any CPU
		{EA280C2C-A076-4010-8A24-EAD7FC25CE6E}.Debug|Any CPU.ActiveCfg = Debug|Any CPU
		{EA280C2C-A076-4010-8A24-EAD7FC25CE6E}.Debug|Any CPU.Build.0 = Debug|Any CPU
		{EA280C2C-A076-4010-8A24-EAD7FC25CE6E}.Release|Any CPU.ActiveCfg = Release|Any CPU
		{EA280C2C-A076-4010-8A24-EAD7FC25CE6E}.Release|Any CPU.Build.0 = Release|Any CPU
		{1A03E791-6267-4B94-9711-155597DD06C7}.Debug|Any CPU.ActiveCfg = Debug|Any CPU
		{1A03E791-6267-4B94-9711-155597DD06C7}.Debug|Any CPU.Build.0 = Debug|Any CPU
		{1A03E791-6267-4B94-9711-155597DD06C7}.Release|Any CPU.ActiveCfg = Release|Any CPU
		{1A03E791-6267-4B94-9711-155597DD06C7}.Release|Any CPU.Build.0 = Release|Any CPU
		{C9AB1638-2D49-4C3D-9854-390F078A2554}.Debug|Any CPU.ActiveCfg = Debug|Any CPU
		{C9AB1638-2D49-4C3D-9854-390F078A2554}.Debug|Any CPU.Build.0 = Debug|Any CPU
		{C9AB1638-2D49-4C3D-9854-390F078A2554}.Release|Any CPU.ActiveCfg = Release|Any CPU
		{C9AB1638-2D49-4C3D-9854-390F078A2554}.Release|Any CPU.Build.0 = Release|Any CPU
	EndGlobalSection
	GlobalSection(SolutionProperties) = preSolution
		HideSolutionNode = FALSE
	EndGlobalSection
	GlobalSection(NestedProjects) = preSolution
		{EA280C2C-A076-4010-8A24-EAD7FC25CE6E} = {098AF36A-F340-43B7-8C76-6DBE7E3726C7}
		{1A03E791-6267-4B94-9711-155597DD06C7} = {098AF36A-F340-43B7-8C76-6DBE7E3726C7}
		{C9AB1638-2D49-4C3D-9854-390F078A2554} = {098AF36A-F340-43B7-8C76-6DBE7E3726C7}
	EndGlobalSection
	GlobalSection(ExtensibilityGlobals) = postSolution
		SolutionGuid = {C5B5A6A1-0522-44FC-A9A4-4FF5277F1BE8}
	EndGlobalSection
EndGlobal
